// !$*UTF8*$!
{
	archiveVersion = 1;
	classes = {
	};
	objectVersion = 46;
	objects = {

/* Begin PBXBuildFile section */
		0A11A97C17A6B50800E94748 /* Cocoa.framework in Frameworks */ = {isa = PBXBuildFile; fileRef = 0A11A97B17A6B50800E94748 /* Cocoa.framework */; };
		0A11A98617A6B50800E94748 /* InfoPlist.strings in Resources */ = {isa = PBXBuildFile; fileRef = 0A11A98417A6B50800E94748 /* InfoPlist.strings */; };
		0A11A98817A6B50800E94748 /* main.m in Sources */ = {isa = PBXBuildFile; fileRef = 0A11A98717A6B50800E94748 /* main.m */; };
		0A11A98C17A6B50800E94748 /* Credits.rtf in Resources */ = {isa = PBXBuildFile; fileRef = 0A11A98A17A6B50800E94748 /* Credits.rtf */; };
		0A11A98F17A6B50800E94748 /* LDDocument.m in Sources */ = {isa = PBXBuildFile; fileRef = 0A11A98E17A6B50800E94748 /* LDDocument.m */; };
		0A11A99217A6B50800E94748 /* LDDocument.xib in Resources */ = {isa = PBXBuildFile; fileRef = 0A11A99017A6B50800E94748 /* LDDocument.xib */; };
		0A11A99517A6B50800E94748 /* MainMenu.xib in Resources */ = {isa = PBXBuildFile; fileRef = 0A11A99317A6B50800E94748 /* MainMenu.xib */; };
		0A41C46817A6B885008F9FEA /* WebKit.framework in Frameworks */ = {isa = PBXBuildFile; fileRef = 0A41C46717A6B885008F9FEA /* WebKit.framework */; };
		0A4A5F3517A7A54800BE1CF9 /* NSString+Count.m in Sources */ = {isa = PBXBuildFile; fileRef = 0A4A5F3417A7A54800BE1CF9 /* NSString+Count.m */; };
		0A675C5617A88BBC00EDEB47 /* Icon.icns in Resources */ = {isa = PBXBuildFile; fileRef = 0A675C5517A88BBC00EDEB47 /* Icon.icns */; };
		0A8087DA17ABF742007CA399 /* LDPreferencesViewController.m in Sources */ = {isa = PBXBuildFile; fileRef = 0A8087D917ABF742007CA399 /* LDPreferencesViewController.m */; };
		0AA098F817AFEB4D0011E472 /* LDAppDelegate.m in Sources */ = {isa = PBXBuildFile; fileRef = 0AA098F717AFEB4D0011E472 /* LDAppDelegate.m */; };
		0AA098FB17AFF6A20011E472 /* LDUtils.m in Sources */ = {isa = PBXBuildFile; fileRef = 0AA098FA17AFF6A20011E472 /* LDUtils.m */; };
		0AEF9BD917A743B600A2A3B1 /* Localizable.strings in Resources */ = {isa = PBXBuildFile; fileRef = 0AEF9BD617A743B600A2A3B1 /* Localizable.strings */; };
		0AEF9BDA17A743CB00A2A3B1 /* jquery-2.0.3.min.js in Resources */ = {isa = PBXBuildFile; fileRef = 0AEF9BD517A743B600A2A3B1 /* jquery-2.0.3.min.js */; };
		0AEF9BE017A751D000A2A3B1 /* application.css in Resources */ = {isa = PBXBuildFile; fileRef = 0AEF9BDF17A751D000A2A3B1 /* application.css */; };
		5D8B1745E30A47E6AFF0BD21 /* libPods.a in Frameworks */ = {isa = PBXBuildFile; fileRef = 48907CBA55644CEDBE5D9732 /* libPods.a */; };
/* End PBXBuildFile section */

/* Begin PBXFileReference section */
		0A11A97817A6B50800E94748 /* LiveDiag.app */ = {isa = PBXFileReference; explicitFileType = wrapper.application; includeInIndex = 0; path = LiveDiag.app; sourceTree = BUILT_PRODUCTS_DIR; };
		0A11A97B17A6B50800E94748 /* Cocoa.framework */ = {isa = PBXFileReference; lastKnownFileType = wrapper.framework; name = Cocoa.framework; path = System/Library/Frameworks/Cocoa.framework; sourceTree = SDKROOT; };
		0A11A97E17A6B50800E94748 /* AppKit.framework */ = {isa = PBXFileReference; lastKnownFileType = wrapper.framework; name = AppKit.framework; path = System/Library/Frameworks/AppKit.framework; sourceTree = SDKROOT; };
		0A11A97F17A6B50800E94748 /* CoreData.framework */ = {isa = PBXFileReference; lastKnownFileType = wrapper.framework; name = CoreData.framework; path = System/Library/Frameworks/CoreData.framework; sourceTree = SDKROOT; };
		0A11A98017A6B50800E94748 /* Foundation.framework */ = {isa = PBXFileReference; lastKnownFileType = wrapper.framework; name = Foundation.framework; path = System/Library/Frameworks/Foundation.framework; sourceTree = SDKROOT; };
		0A11A98317A6B50800E94748 /* LiveDiag-Info.plist */ = {isa = PBXFileReference; lastKnownFileType = text.plist.xml; path = "LiveDiag-Info.plist"; sourceTree = "<group>"; };
		0A11A98517A6B50800E94748 /* en */ = {isa = PBXFileReference; lastKnownFileType = text.plist.strings; name = en; path = en.lproj/InfoPlist.strings; sourceTree = "<group>"; };
		0A11A98717A6B50800E94748 /* main.m */ = {isa = PBXFileReference; lastKnownFileType = sourcecode.c.objc; path = main.m; sourceTree = "<group>"; };
		0A11A98917A6B50800E94748 /* LiveDiag-Prefix.pch */ = {isa = PBXFileReference; lastKnownFileType = sourcecode.c.h; path = "LiveDiag-Prefix.pch"; sourceTree = "<group>"; };
		0A11A98B17A6B50800E94748 /* en */ = {isa = PBXFileReference; lastKnownFileType = text.rtf; name = en; path = en.lproj/Credits.rtf; sourceTree = "<group>"; };
		0A11A98D17A6B50800E94748 /* LDDocument.h */ = {isa = PBXFileReference; lastKnownFileType = sourcecode.c.h; path = LDDocument.h; sourceTree = "<group>"; };
		0A11A98E17A6B50800E94748 /* LDDocument.m */ = {isa = PBXFileReference; lastKnownFileType = sourcecode.c.objc; path = LDDocument.m; sourceTree = "<group>"; };
		0A11A99117A6B50800E94748 /* en */ = {isa = PBXFileReference; lastKnownFileType = file.xib; name = en; path = en.lproj/LDDocument.xib; sourceTree = "<group>"; };
		0A11A99417A6B50800E94748 /* en */ = {isa = PBXFileReference; lastKnownFileType = file.xib; name = en; path = en.lproj/MainMenu.xib; sourceTree = "<group>"; };
		0A41C46717A6B885008F9FEA /* WebKit.framework */ = {isa = PBXFileReference; lastKnownFileType = wrapper.framework; name = WebKit.framework; path = System/Library/Frameworks/WebKit.framework; sourceTree = SDKROOT; };
		0A4A5F3317A7A54800BE1CF9 /* NSString+Count.h */ = {isa = PBXFileReference; fileEncoding = 4; lastKnownFileType = sourcecode.c.h; path = "NSString+Count.h"; sourceTree = "<group>"; };
		0A4A5F3417A7A54800BE1CF9 /* NSString+Count.m */ = {isa = PBXFileReference; fileEncoding = 4; lastKnownFileType = sourcecode.c.objc; path = "NSString+Count.m"; sourceTree = "<group>"; };
		0A675C5517A88BBC00EDEB47 /* Icon.icns */ = {isa = PBXFileReference; lastKnownFileType = image.icns; path = Icon.icns; sourceTree = "<group>"; };
		0A8087D817ABF742007CA399 /* LDPreferencesViewController.h */ = {isa = PBXFileReference; fileEncoding = 4; lastKnownFileType = sourcecode.c.h; path = LDPreferencesViewController.h; sourceTree = "<group>"; };
		0A8087D917ABF742007CA399 /* LDPreferencesViewController.m */ = {isa = PBXFileReference; fileEncoding = 4; lastKnownFileType = sourcecode.c.objc; path = LDPreferencesViewController.m; sourceTree = "<group>"; };
		0AA098F617AFEB4D0011E472 /* LDAppDelegate.h */ = {isa = PBXFileReference; fileEncoding = 4; lastKnownFileType = sourcecode.c.h; path = LDAppDelegate.h; sourceTree = "<group>"; };
		0AA098F717AFEB4D0011E472 /* LDAppDelegate.m */ = {isa = PBXFileReference; fileEncoding = 4; lastKnownFileType = sourcecode.c.objc; path = LDAppDelegate.m; sourceTree = "<group>"; };
		0AA098F917AFF6A20011E472 /* LDUtils.h */ = {isa = PBXFileReference; fileEncoding = 4; lastKnownFileType = sourcecode.c.h; path = LDUtils.h; sourceTree = "<group>"; };
		0AA098FA17AFF6A20011E472 /* LDUtils.m */ = {isa = PBXFileReference; fileEncoding = 4; lastKnownFileType = sourcecode.c.objc; path = LDUtils.m; sourceTree = "<group>"; };
		0AEF9BD517A743B600A2A3B1 /* jquery-2.0.3.min.js */ = {isa = PBXFileReference; fileEncoding = 4; lastKnownFileType = sourcecode.javascript; path = "jquery-2.0.3.min.js"; sourceTree = "<group>"; };
		0AEF9BD617A743B600A2A3B1 /* Localizable.strings */ = {isa = PBXFileReference; fileEncoding = 4; lastKnownFileType = text.plist.strings; path = Localizable.strings; sourceTree = "<group>"; };
		0AEF9BDF17A751D000A2A3B1 /* application.css */ = {isa = PBXFileReference; fileEncoding = 4; lastKnownFileType = text.css; path = application.css; sourceTree = "<group>"; };
		48907CBA55644CEDBE5D9732 /* libPods.a */ = {isa = PBXFileReference; explicitFileType = archive.ar; includeInIndex = 0; path = libPods.a; sourceTree = BUILT_PRODUCTS_DIR; };
		D27F5829857243A4A4840F75 /* Pods.xcconfig */ = {isa = PBXFileReference; includeInIndex = 1; lastKnownFileType = text.xcconfig; name = Pods.xcconfig; path = Pods/Pods.xcconfig; sourceTree = SOURCE_ROOT; };
/* End PBXFileReference section */

/* Begin PBXFrameworksBuildPhase section */
		0A11A97517A6B50800E94748 /* Frameworks */ = {
			isa = PBXFrameworksBuildPhase;
			buildActionMask = 2147483647;
			files = (
				0A41C46817A6B885008F9FEA /* WebKit.framework in Frameworks */,
				0A11A97C17A6B50800E94748 /* Cocoa.framework in Frameworks */,
				5D8B1745E30A47E6AFF0BD21 /* libPods.a in Frameworks */,
			);
			runOnlyForDeploymentPostprocessing = 0;
		};
/* End PBXFrameworksBuildPhase section */

/* Begin PBXGroup section */
		0A11A96F17A6B50800E94748 = {
			isa = PBXGroup;
			children = (
				0A11A98117A6B50800E94748 /* LiveDiag */,
				0A11A97A17A6B50800E94748 /* Frameworks */,
				0A11A97917A6B50800E94748 /* Products */,
				D27F5829857243A4A4840F75 /* Pods.xcconfig */,
			);
			sourceTree = "<group>";
		};
		0A11A97917A6B50800E94748 /* Products */ = {
			isa = PBXGroup;
			children = (
				0A11A97817A6B50800E94748 /* LiveDiag.app */,
			);
			name = Products;
			sourceTree = "<group>";
		};
		0A11A97A17A6B50800E94748 /* Frameworks */ = {
			isa = PBXGroup;
			children = (
				0A41C46717A6B885008F9FEA /* WebKit.framework */,
				0A11A97B17A6B50800E94748 /* Cocoa.framework */,
				0A11A97D17A6B50800E94748 /* Other Frameworks */,
				48907CBA55644CEDBE5D9732 /* libPods.a */,
			);
			name = Frameworks;
			sourceTree = "<group>";
		};
		0A11A97D17A6B50800E94748 /* Other Frameworks */ = {
			isa = PBXGroup;
			children = (
				0A11A97E17A6B50800E94748 /* AppKit.framework */,
				0A11A97F17A6B50800E94748 /* CoreData.framework */,
				0A11A98017A6B50800E94748 /* Foundation.framework */,
			);
			name = "Other Frameworks";
			sourceTree = "<group>";
		};
		0A11A98117A6B50800E94748 /* LiveDiag */ = {
			isa = PBXGroup;
			children = (
				0AA098F617AFEB4D0011E472 /* LDAppDelegate.h */,
				0AA098F717AFEB4D0011E472 /* LDAppDelegate.m */,
				0A11A98D17A6B50800E94748 /* LDDocument.h */,
				0A11A98E17A6B50800E94748 /* LDDocument.m */,
				0A8087D817ABF742007CA399 /* LDPreferencesViewController.h */,
				0A8087D917ABF742007CA399 /* LDPreferencesViewController.m */,
				0A11A99017A6B50800E94748 /* LDDocument.xib */,
				0A11A99317A6B50800E94748 /* MainMenu.xib */,
				0A4A5F3217A7A54800BE1CF9 /* Library */,
				0A11A98217A6B50800E94748 /* Supporting Files */,
			);
			path = LiveDiag;
			sourceTree = "<group>";
		};
		0A11A98217A6B50800E94748 /* Supporting Files */ = {
			isa = PBXGroup;
			children = (
				0A11A98317A6B50800E94748 /* LiveDiag-Info.plist */,
				0A11A98417A6B50800E94748 /* InfoPlist.strings */,
				0A11A98717A6B50800E94748 /* main.m */,
				0A11A98917A6B50800E94748 /* LiveDiag-Prefix.pch */,
				0A11A98A17A6B50800E94748 /* Credits.rtf */,
				0AEF9BD517A743B600A2A3B1 /* jquery-2.0.3.min.js */,
				0AEF9BDF17A751D000A2A3B1 /* application.css */,
				0AEF9BD617A743B600A2A3B1 /* Localizable.strings */,
				0A675C5517A88BBC00EDEB47 /* Icon.icns */,
			);
			name = "Supporting Files";
			sourceTree = "<group>";
		};
		0A4A5F3217A7A54800BE1CF9 /* Library */ = {
			isa = PBXGroup;
			children = (
				0A4A5F3317A7A54800BE1CF9 /* NSString+Count.h */,
				0A4A5F3417A7A54800BE1CF9 /* NSString+Count.m */,
				0AA098F917AFF6A20011E472 /* LDUtils.h */,
				0AA098FA17AFF6A20011E472 /* LDUtils.m */,
			);
			path = Library;
			sourceTree = "<group>";
		};
/* End PBXGroup section */

/* Begin PBXNativeTarget section */
		0A11A97717A6B50800E94748 /* LiveDiag */ = {
			isa = PBXNativeTarget;
			buildConfigurationList = 0A11A99817A6B50800E94748 /* Build configuration list for PBXNativeTarget "LiveDiag" */;
			buildPhases = (
				C5E3EEF93EB34ED29BE217F1 /* Check Pods Manifest.lock */,
				0A11A97417A6B50800E94748 /* Sources */,
				0A11A97517A6B50800E94748 /* Frameworks */,
				0A11A97617A6B50800E94748 /* Resources */,
				E0F94EFC845F44338A2A0626 /* Copy Pods Resources */,
			);
			buildRules = (
			);
			dependencies = (
			);
			name = LiveDiag;
			productName = LiveDiag;
			productReference = 0A11A97817A6B50800E94748 /* LiveDiag.app */;
			productType = "com.apple.product-type.application";
		};
/* End PBXNativeTarget section */

/* Begin PBXProject section */
		0A11A97017A6B50800E94748 /* Project object */ = {
			isa = PBXProject;
			attributes = {
				CLASSPREFIX = LD;
				LastUpgradeCheck = 0460;
				ORGANIZATIONNAME = dataich.com;
			};
			buildConfigurationList = 0A11A97317A6B50800E94748 /* Build configuration list for PBXProject "LiveDiag" */;
			compatibilityVersion = "Xcode 3.2";
			developmentRegion = English;
			hasScannedForEncodings = 0;
			knownRegions = (
				en,
			);
			mainGroup = 0A11A96F17A6B50800E94748;
			productRefGroup = 0A11A97917A6B50800E94748 /* Products */;
			projectDirPath = "";
			projectRoot = "";
			targets = (
				0A11A97717A6B50800E94748 /* LiveDiag */,
			);
		};
/* End PBXProject section */

/* Begin PBXResourcesBuildPhase section */
		0A11A97617A6B50800E94748 /* Resources */ = {
			isa = PBXResourcesBuildPhase;
			buildActionMask = 2147483647;
			files = (
				0AEF9BDA17A743CB00A2A3B1 /* jquery-2.0.3.min.js in Resources */,
				0A11A98617A6B50800E94748 /* InfoPlist.strings in Resources */,
				0A11A98C17A6B50800E94748 /* Credits.rtf in Resources */,
				0A11A99217A6B50800E94748 /* LDDocument.xib in Resources */,
				0A11A99517A6B50800E94748 /* MainMenu.xib in Resources */,
				0AEF9BD917A743B600A2A3B1 /* Localizable.strings in Resources */,
				0AEF9BE017A751D000A2A3B1 /* application.css in Resources */,
				0A675C5617A88BBC00EDEB47 /* Icon.icns in Resources */,
			);
			runOnlyForDeploymentPostprocessing = 0;
		};
/* End PBXResourcesBuildPhase section */

/* Begin PBXShellScriptBuildPhase section */
		C5E3EEF93EB34ED29BE217F1 /* Check Pods Manifest.lock */ = {
			isa = PBXShellScriptBuildPhase;
			buildActionMask = 2147483647;
			files = (
			);
			inputPaths = (
			);
			name = "Check Pods Manifest.lock";
			outputPaths = (
			);
			runOnlyForDeploymentPostprocessing = 0;
			shellPath = /bin/sh;
			shellScript = "diff \"${PODS_ROOT}/../Podfile.lock\" \"${PODS_ROOT}/Manifest.lock\" > /dev/null\nif [[ $? != 0 ]] ; then\n    cat << EOM\nerror: The sandbox is not in sync with the Podfile.lock. Run 'pod install' or update your CocoaPods installation.\nEOM\n    exit 1\nfi\n";
			showEnvVarsInLog = 0;
		};
		E0F94EFC845F44338A2A0626 /* Copy Pods Resources */ = {
			isa = PBXShellScriptBuildPhase;
			buildActionMask = 2147483647;
			files = (
			);
			inputPaths = (
			);
			name = "Copy Pods Resources";
			outputPaths = (
			);
			runOnlyForDeploymentPostprocessing = 0;
			shellPath = /bin/sh;
			shellScript = "\"${SRCROOT}/Pods/Pods-resources.sh\"\n";
			showEnvVarsInLog = 0;
		};
/* End PBXShellScriptBuildPhase section */

/* Begin PBXSourcesBuildPhase section */
		0A11A97417A6B50800E94748 /* Sources */ = {
			isa = PBXSourcesBuildPhase;
			buildActionMask = 2147483647;
			files = (
				0A11A98817A6B50800E94748 /* main.m in Sources */,
				0A11A98F17A6B50800E94748 /* LDDocument.m in Sources */,
				0A4A5F3517A7A54800BE1CF9 /* NSString+Count.m in Sources */,
				0A8087DA17ABF742007CA399 /* LDPreferencesViewController.m in Sources */,
				0AA098F817AFEB4D0011E472 /* LDAppDelegate.m in Sources */,
				0AA098FB17AFF6A20011E472 /* LDUtils.m in Sources */,
			);
			runOnlyForDeploymentPostprocessing = 0;
		};
/* End PBXSourcesBuildPhase section */

/* Begin PBXVariantGroup section */
		0A11A98417A6B50800E94748 /* InfoPlist.strings */ = {
			isa = PBXVariantGroup;
			children = (
				0A11A98517A6B50800E94748 /* en */,
			);
			name = InfoPlist.strings;
			sourceTree = "<group>";
		};
		0A11A98A17A6B50800E94748 /* Credits.rtf */ = {
			isa = PBXVariantGroup;
			children = (
				0A11A98B17A6B50800E94748 /* en */,
			);
			name = Credits.rtf;
			sourceTree = "<group>";
		};
		0A11A99017A6B50800E94748 /* LDDocument.xib */ = {
			isa = PBXVariantGroup;
			children = (
				0A11A99117A6B50800E94748 /* en */,
			);
			name = LDDocument.xib;
			sourceTree = "<group>";
		};
		0A11A99317A6B50800E94748 /* MainMenu.xib */ = {
			isa = PBXVariantGroup;
			children = (
				0A11A99417A6B50800E94748 /* en */,
			);
			name = MainMenu.xib;
			sourceTree = "<group>";
		};
/* End PBXVariantGroup section */

/* Begin XCBuildConfiguration section */
		0A11A99617A6B50800E94748 /* Debug */ = {
			isa = XCBuildConfiguration;
			buildSettings = {
				ALWAYS_SEARCH_USER_PATHS = NO;
				ARCHS = "$(ARCHS_STANDARD_64_BIT)";
				CLANG_CXX_LANGUAGE_STANDARD = "gnu++0x";
				CLANG_CXX_LIBRARY = "libc++";
				CLANG_ENABLE_OBJC_ARC = YES;
				CLANG_WARN_CONSTANT_CONVERSION = YES;
				CLANG_WARN_EMPTY_BODY = YES;
				CLANG_WARN_ENUM_CONVERSION = YES;
				CLANG_WARN_INT_CONVERSION = YES;
				CLANG_WARN__DUPLICATE_METHOD_MATCH = YES;
				COPY_PHASE_STRIP = NO;
				GCC_C_LANGUAGE_STANDARD = gnu99;
				GCC_DYNAMIC_NO_PIC = NO;
				GCC_ENABLE_OBJC_EXCEPTIONS = YES;
				GCC_OPTIMIZATION_LEVEL = 0;
				GCC_PREPROCESSOR_DEFINITIONS = (
					"DEBUG=1",
					"$(inherited)",
				);
				GCC_SYMBOLS_PRIVATE_EXTERN = NO;
				GCC_WARN_64_TO_32_BIT_CONVERSION = YES;
				GCC_WARN_ABOUT_RETURN_TYPE = YES;
				GCC_WARN_UNINITIALIZED_AUTOS = YES;
				GCC_WARN_UNUSED_VARIABLE = YES;
				MACOSX_DEPLOYMENT_TARGET = 10.7;
				ONLY_ACTIVE_ARCH = YES;
				OTHER_CODE_SIGN_FLAGS = "";
				SDKROOT = macosx;
			};
			name = Debug;
		};
		0A11A99717A6B50800E94748 /* Release */ = {
			isa = XCBuildConfiguration;
			buildSettings = {
				ALWAYS_SEARCH_USER_PATHS = NO;
				ARCHS = "$(ARCHS_STANDARD_64_BIT)";
				CLANG_CXX_LANGUAGE_STANDARD = "gnu++0x";
				CLANG_CXX_LIBRARY = "libc++";
				CLANG_ENABLE_OBJC_ARC = YES;
				CLANG_WARN_CONSTANT_CONVERSION = YES;
				CLANG_WARN_EMPTY_BODY = YES;
				CLANG_WARN_ENUM_CONVERSION = YES;
				CLANG_WARN_INT_CONVERSION = YES;
				CLANG_WARN__DUPLICATE_METHOD_MATCH = YES;
				COPY_PHASE_STRIP = YES;
				DEBUG_INFORMATION_FORMAT = "dwarf-with-dsym";
				GCC_C_LANGUAGE_STANDARD = gnu99;
				GCC_ENABLE_OBJC_EXCEPTIONS = YES;
				GCC_WARN_64_TO_32_BIT_CONVERSION = YES;
				GCC_WARN_ABOUT_RETURN_TYPE = YES;
				GCC_WARN_UNINITIALIZED_AUTOS = YES;
				GCC_WARN_UNUSED_VARIABLE = YES;
				MACOSX_DEPLOYMENT_TARGET = 10.7;
				OTHER_CODE_SIGN_FLAGS = "";
				SDKROOT = macosx;
			};
			name = Release;
		};
		0A11A99917A6B50800E94748 /* Debug */ = {
			isa = XCBuildConfiguration;
			baseConfigurationReference = D27F5829857243A4A4840F75 /* Pods.xcconfig */;
			buildSettings = {
				COMBINE_HIDPI_IMAGES = YES;
				GCC_PRECOMPILE_PREFIX_HEADER = YES;
				GCC_PREFIX_HEADER = "LiveDiag/LiveDiag-Prefix.pch";
				INFOPLIST_FILE = "LiveDiag/LiveDiag-Info.plist";
				PRODUCT_NAME = "$(TARGET_NAME)";
				WRAPPER_EXTENSION = app;
			};
			name = Debug;
		};
		0A11A99A17A6B50800E94748 /* Release */ = {
			isa = XCBuildConfiguration;
			baseConfigurationReference = D27F5829857243A4A4840F75 /* Pods.xcconfig */;
			buildSettings = {
				COMBINE_HIDPI_IMAGES = YES;
				GCC_PRECOMPILE_PREFIX_HEADER = YES;
				GCC_PREFIX_HEADER = "LiveDiag/LiveDiag-Prefix.pch";
				INFOPLIST_FILE = "LiveDiag/LiveDiag-Info.plist";
				PRODUCT_NAME = "$(TARGET_NAME)";
				WRAPPER_EXTENSION = app;
			};
			name = Release;
		};
/* End XCBuildConfiguration section */

/* Begin XCConfigurationList section */
		0A11A97317A6B50800E94748 /* Build configuration list for PBXProject "LiveDiag" */ = {
			isa = XCConfigurationList;
			buildConfigurations = (
				0A11A99617A6B50800E94748 /* Debug */,
				0A11A99717A6B50800E94748 /* Release */,
			);
			defaultConfigurationIsVisible = 0;
			defaultConfigurationName = Release;
		};
		0A11A99817A6B50800E94748 /* Build configuration list for PBXNativeTarget "LiveDiag" */ = {
			isa = XCConfigurationList;
			buildConfigurations = (
				0A11A99917A6B50800E94748 /* Debug */,
				0A11A99A17A6B50800E94748 /* Release */,
			);
			defaultConfigurationIsVisible = 0;
			defaultConfigurationName = Release;
		};
/* End XCConfigurationList section */
	};
	rootObject = 0A11A97017A6B50800E94748 /* Project object */;
}
